Microsoft Visual Studio Solution File, Format Version 8.00
Project("{8BC9CEB8-8B4A-11D0-8D11-00A0C91BC942}") = "OpenJE", "OpenJE.vcproj", "{93140CF9-D749-4BEE-AF2C-5A1F822205D3}"
	ProjectSection(ProjectDependencies) = postProject
	EndProjectSection
EndProject
Global
	GlobalSection(SolutionConfiguration) = preSolution
		Debug = Debug
		Release = Release
	EndGlobalSection
	GlobalSection(ProjectConfiguration) = postSolution
		{93140CF9-D749-4BEE-AF2C-5A1F822205D3}.Debug.ActiveCfg = Debug|Win32
		{93140CF9-D749-4BEE-AF2C-5A1F822205D3}.Debug.Build.0 = Debug|Win32
		{93140CF9-D749-4BEE-AF2C-5A1F822205D3}.Release.ActiveCfg = Release|Win32
		{93140CF9-D749-4BEE-AF2C-5A1F822205D3}.Release.Build.0 = Release|Win32
	EndGlobalSection
	GlobalSection(ExtensibilityGlobals) = postSolution
	EndGlobalSection
	GlobalSection(ExtensibilityAddIns) = postSolution
	EndGlobalSection
EndGlobal
